
Microsoft Visual Studio Solution File, Format Version 12.00
# Visual Studio Version 17
VisualStudioVersion = 17.3.32922.545
MinimumVisualStudioVersion = 10.0.40219.1
Project("{FAE04EC0-301F-11D3-BF4B-00C04F79EFBC}") = "HtmlToPdfWorkerRabbitMQ", "HtmlToPdfWorkerRabbitMQ\HtmlToPdfWorkerRabbitMQ.csproj", "{DF4CBC75-13A0-41E5-BE9E-63E951B6C0BC}"
EndProject
Global
	GlobalSection(SolutionConfigurationPlatforms) = preSolution
		Debug|Any CPU = Debug|Any CPU
		Release|Any CPU = Release|Any CPU
	EndGlobalSection
	GlobalSection(ProjectConfigurationPlatforms) = postSolution
		{DF4CBC75-13A0-41E5-BE9E-63E951B6C0BC}.Debug|Any CPU.ActiveCfg = Debug|Any CPU
		{DF4CBC75-13A0-41E5-BE9E-63E951B6C0BC}.Debug|Any CPU.Build.0 = Debug|Any CPU
		{DF4CBC75-13A0-41E5-BE9E-63E951B6C0BC}.Release|Any CPU.ActiveCfg = Release|Any CPU
		{DF4CBC75-13A0-41E5-BE9E-63E951B6C0BC}.Release|Any CPU.Build.0 = Release|Any CPU
	EndGlobalSection
	GlobalSection(SolutionProperties) = preSolution
		HideSolutionNode = FALSE
	EndGlobalSection
	GlobalSection(ExtensibilityGlobals) = postSolution
		SolutionGuid = {852762E3-9890-476B-8249-E290D26B3D84}
	EndGlobalSection
EndGlobal
